
Microsoft Visual Studio Solution File, Format Version 12.00
# Visual Studio Version 16
VisualStudioVersion = 16.0.31729.503
MinimumVisualStudioVersion = 10.0.40219.1
Project("{FAE04EC0-301F-11D3-BF4B-00C04F79EFBC}") = "EsForm_SimoneMarinella", "EsForm_SimoneMarinella\EsForm_SimoneMarinella.csproj", "{C9369F5E-4FE3-4D5C-9F89-354B030E986B}"
EndProject
Global
	GlobalSection(SolutionConfigurationPlatforms) = preSolution
		Debug|Any CPU = Debug|Any CPU
		Release|Any CPU = Release|Any CPU
	EndGlobalSection
	GlobalSection(ProjectConfigurationPlatforms) = postSolution
		{C9369F5E-4FE3-4D5C-9F89-354B030E986B}.Debug|Any CPU.ActiveCfg = Debug|Any CPU
		{C9369F5E-4FE3-4D5C-9F89-354B030E986B}.Debug|Any CPU.Build.0 = Debug|Any CPU
		{C9369F5E-4FE3-4D5C-9F89-354B030E986B}.Release|Any CPU.ActiveCfg = Release|Any CPU
		{C9369F5E-4FE3-4D5C-9F89-354B030E986B}.Release|Any CPU.Build.0 = Release|Any CPU
	EndGlobalSection
	GlobalSection(SolutionProperties) = preSolution
		HideSolutionNode = FALSE
	EndGlobalSection
	GlobalSection(ExtensibilityGlobals) = postSolution
		SolutionGuid = {88365FCD-EB9A-4811-B9EE-ECEC5C3138B4}
	EndGlobalSection
EndGlobal
