
Microsoft Visual Studio Solution File, Format Version 12.00
# Visual Studio Version 16
VisualStudioVersion = 16.0.31729.503
MinimumVisualStudioVersion = 10.0.40219.1
Project("{FAE04EC0-301F-11D3-BF4B-00C04F79EFBC}") = "Lista_date", "Lista_date.csproj", "{3AF01F45-902F-4E81-959A-4AEE6A9F5991}"
EndProject
Global
	GlobalSection(SolutionConfigurationPlatforms) = preSolution
		Debug|Any CPU = Debug|Any CPU
		Release|Any CPU = Release|Any CPU
	EndGlobalSection
	GlobalSection(ProjectConfigurationPlatforms) = postSolution
		{3AF01F45-902F-4E81-959A-4AEE6A9F5991}.Debug|Any CPU.ActiveCfg = Debug|Any CPU
		{3AF01F45-902F-4E81-959A-4AEE6A9F5991}.Debug|Any CPU.Build.0 = Debug|Any CPU
		{3AF01F45-902F-4E81-959A-4AEE6A9F5991}.Release|Any CPU.ActiveCfg = Release|Any CPU
		{3AF01F45-902F-4E81-959A-4AEE6A9F5991}.Release|Any CPU.Build.0 = Release|Any CPU
	EndGlobalSection
	GlobalSection(SolutionProperties) = preSolution
		HideSolutionNode = FALSE
	EndGlobalSection
	GlobalSection(ExtensibilityGlobals) = postSolution
		SolutionGuid = {E087DA34-1D36-4DF5-A96F-1013CCF4E7A9}
	EndGlobalSection
EndGlobal
