
Microsoft Visual Studio Solution File, Format Version 12.00
# Visual Studio Version 16
VisualStudioVersion = 16.0.31702.278
MinimumVisualStudioVersion = 10.0.40219.1
Project("{FAE04EC0-301F-11D3-BF4B-00C04F79EFBC}") = "Es_Windows_Forms_FilippoMolinini", "Es_Windows_Forms_FilippoMolinini\Es_Windows_Forms_FilippoMolinini.csproj", "{FF681139-6F3E-44F9-82E6-528E16D460B3}"
EndProject
Global
	GlobalSection(SolutionConfigurationPlatforms) = preSolution
		Debug|Any CPU = Debug|Any CPU
		Release|Any CPU = Release|Any CPU
	EndGlobalSection
	GlobalSection(ProjectConfigurationPlatforms) = postSolution
		{FF681139-6F3E-44F9-82E6-528E16D460B3}.Debug|Any CPU.ActiveCfg = Debug|Any CPU
		{FF681139-6F3E-44F9-82E6-528E16D460B3}.Debug|Any CPU.Build.0 = Debug|Any CPU
		{FF681139-6F3E-44F9-82E6-528E16D460B3}.Release|Any CPU.ActiveCfg = Release|Any CPU
		{FF681139-6F3E-44F9-82E6-528E16D460B3}.Release|Any CPU.Build.0 = Release|Any CPU
	EndGlobalSection
	GlobalSection(SolutionProperties) = preSolution
		HideSolutionNode = FALSE
	EndGlobalSection
	GlobalSection(ExtensibilityGlobals) = postSolution
		SolutionGuid = {14C2125E-B9DD-4D11-8BC0-33850069DF35}
	EndGlobalSection
EndGlobal
